// !$*UTF8*$!
{
	archiveVersion = 1;
	classes = {
	};
	objectVersion = 56;
	objects = {

/* Begin PBXBuildFile section */
		8326CC3C2B0138C500821FF6 /* TopBar.swift in Sources */ = {isa = PBXBuildFile; fileRef = 8326CC3B2B0138C500821FF6 /* TopBar.swift */; };
		8326CC3E2B01396F00821FF6 /* NextAppointment.swift in Sources */ = {isa = PBXBuildFile; fileRef = 8326CC3D2B01396F00821FF6 /* NextAppointment.swift */; };
		8326CC412B014B7300821FF6 /* nunito.ttf in Resources */ = {isa = PBXBuildFile; fileRef = 8326CC372B01359200821FF6 /* nunito.ttf */; };
		832CAEDB2B0910CB00E25748 /* Localizable.xcstrings in Resources */ = {isa = PBXBuildFile; fileRef = 832CAEDA2B0910CB00E25748 /* Localizable.xcstrings */; };
		8338F3F42B02865600B93F02 /* FontsExtensions.swift in Sources */ = {isa = PBXBuildFile; fileRef = 8338F3F32B02865500B93F02 /* FontsExtensions.swift */; };
		833D73502B05221A00212FF9 /* Sizes.swift in Sources */ = {isa = PBXBuildFile; fileRef = 833D734F2B05221A00212FF9 /* Sizes.swift */; };
		833D73522B05254700212FF9 /* Colors.swift in Sources */ = {isa = PBXBuildFile; fileRef = 833D73512B05254700212FF9 /* Colors.swift */; };
		835693602B03905D009D98B4 /* NearDoctorList.swift in Sources */ = {isa = PBXBuildFile; fileRef = 8356935F2B03905D009D98B4 /* NearDoctorList.swift */; };
		835693622B03E023009D98B4 /* BottomBar.swift in Sources */ = {isa = PBXBuildFile; fileRef = 835693612B03E023009D98B4 /* BottomBar.swift */; };
		83622D352B0371220077518C /* Search.swift in Sources */ = {isa = PBXBuildFile; fileRef = 83622D342B0371220077518C /* Search.swift */; };
		83622D372B0374E60077518C /* IssueList.swift in Sources */ = {isa = PBXBuildFile; fileRef = 83622D362B0374E60077518C /* IssueList.swift */; };
		837867372B053741009234CB /* Types.swift in Sources */ = {isa = PBXBuildFile; fileRef = 837867362B053741009234CB /* Types.swift */; };
		8378673A2B053821009234CB /* HomeScreen.swift in Sources */ = {isa = PBXBuildFile; fileRef = 837867392B053821009234CB /* HomeScreen.swift */; };
		83CA1CD82B01025900080316 /* LaraApp.swift in Sources */ = {isa = PBXBuildFile; fileRef = 83CA1CD72B01025900080316 /* LaraApp.swift */; };
		83CA1CDA2B01025900080316 /* ContentView.swift in Sources */ = {isa = PBXBuildFile; fileRef = 83CA1CD92B01025900080316 /* ContentView.swift */; };
		83CA1CDC2B01025C00080316 /* Assets.xcassets in Resources */ = {isa = PBXBuildFile; fileRef = 83CA1CDB2B01025C00080316 /* Assets.xcassets */; };
		83CA1CDF2B01025C00080316 /* Preview Assets.xcassets in Resources */ = {isa = PBXBuildFile; fileRef = 83CA1CDE2B01025C00080316 /* Preview Assets.xcassets */; };
		83CE2E0D2B10EEA800DA46DC /* poppins_bold.ttf in Resources */ = {isa = PBXBuildFile; fileRef = 83CE2E0C2B10EEA800DA46DC /* poppins_bold.ttf */; };
		83CE2E112B10EF7C00DA46DC /* poppins_regular.ttf in Resources */ = {isa = PBXBuildFile; fileRef = 83CE2E102B10EF7C00DA46DC /* poppins_regular.ttf */; };
		83F3C0E32B07AB8B0053DB51 /* Icons.swift in Sources */ = {isa = PBXBuildFile; fileRef = 83F3C0E22B07AB8B0053DB51 /* Icons.swift */; };
/* End PBXBuildFile section */

/* Begin PBXFileReference section */
		8326CC372B01359200821FF6 /* nunito.ttf */ = {isa = PBXFileReference; lastKnownFileType = file; path = nunito.ttf; sourceTree = "<group>"; };
		8326CC3B2B0138C500821FF6 /* TopBar.swift */ = {isa = PBXFileReference; lastKnownFileType = sourcecode.swift; path = TopBar.swift; sourceTree = "<group>"; };
		8326CC3D2B01396F00821FF6 /* NextAppointment.swift */ = {isa = PBXFileReference; lastKnownFileType = sourcecode.swift; path = NextAppointment.swift; sourceTree = "<group>"; };
		832CAEDA2B0910CB00E25748 /* Localizable.xcstrings */ = {isa = PBXFileReference; lastKnownFileType = text.json.xcstrings; path = Localizable.xcstrings; sourceTree = "<group>"; };
		8338F3F32B02865500B93F02 /* FontsExtensions.swift */ = {isa = PBXFileReference; lastKnownFileType = sourcecode.swift; path = FontsExtensions.swift; sourceTree = "<group>"; };
		833D734F2B05221A00212FF9 /* Sizes.swift */ = {isa = PBXFileReference; lastKnownFileType = sourcecode.swift; path = Sizes.swift; sourceTree = "<group>"; };
		833D73512B05254700212FF9 /* Colors.swift */ = {isa = PBXFileReference; lastKnownFileType = sourcecode.swift; path = Colors.swift; sourceTree = "<group>"; };
		8356935F2B03905D009D98B4 /* NearDoctorList.swift */ = {isa = PBXFileReference; lastKnownFileType = sourcecode.swift; path = NearDoctorList.swift; sourceTree = "<group>"; };
		835693612B03E023009D98B4 /* BottomBar.swift */ = {isa = PBXFileReference; lastKnownFileType = sourcecode.swift; path = BottomBar.swift; sourceTree = "<group>"; };
		83622D342B0371220077518C /* Search.swift */ = {isa = PBXFileReference; lastKnownFileType = sourcecode.swift; path = Search.swift; sourceTree = "<group>"; };
		83622D362B0374E60077518C /* IssueList.swift */ = {isa = PBXFileReference; lastKnownFileType = sourcecode.swift; path = IssueList.swift; sourceTree = "<group>"; };
		8376D5EA2B02768800C55B61 /* Info.plist */ = {isa = PBXFileReference; lastKnownFileType = text.plist; path = Info.plist; sourceTree = "<group>"; };
		837867362B053741009234CB /* Types.swift */ = {isa = PBXFileReference; lastKnownFileType = sourcecode.swift; path = Types.swift; sourceTree = "<group>"; };
		837867392B053821009234CB /* HomeScreen.swift */ = {isa = PBXFileReference; lastKnownFileType = sourcecode.swift; path = HomeScreen.swift; sourceTree = "<group>"; };
		83CA1CD42B01025900080316 /* Lara.app */ = {isa = PBXFileReference; explicitFileType = wrapper.application; includeInIndex = 0; path = Lara.app; sourceTree = BUILT_PRODUCTS_DIR; };
		83CA1CD72B01025900080316 /* LaraApp.swift */ = {isa = PBXFileReference; lastKnownFileType = sourcecode.swift; path = LaraApp.swift; sourceTree = "<group>"; };
		83CA1CD92B01025900080316 /* ContentView.swift */ = {isa = PBXFileReference; lastKnownFileType = sourcecode.swift; path = ContentView.swift; sourceTree = "<group>"; };
		83CA1CDB2B01025C00080316 /* Assets.xcassets */ = {isa = PBXFileReference; lastKnownFileType = folder.assetcatalog; path = Assets.xcassets; sourceTree = "<group>"; };
		83CA1CDE2B01025C00080316 /* Preview Assets.xcassets */ = {isa = PBXFileReference; lastKnownFileType = folder.assetcatalog; path = "Preview Assets.xcassets"; sourceTree = "<group>"; };
		83CE2E0C2B10EEA800DA46DC /* poppins_bold.ttf */ = {isa = PBXFileReference; lastKnownFileType = file; path = poppins_bold.ttf; sourceTree = "<group>"; };
		83CE2E102B10EF7C00DA46DC /* poppins_regular.ttf */ = {isa = PBXFileReference; lastKnownFileType = file; path = poppins_regular.ttf; sourceTree = "<group>"; };
		83F3C0E22B07AB8B0053DB51 /* Icons.swift */ = {isa = PBXFileReference; lastKnownFileType = sourcecode.swift; path = Icons.swift; sourceTree = "<group>"; };
/* End PBXFileReference section */

/* Begin PBXFrameworksBuildPhase section */
		83CA1CD12B01025900080316 /* Frameworks */ = {
			isa = PBXFrameworksBuildPhase;
			buildActionMask = 2147483647;
			files = (
			);
			runOnlyForDeploymentPostprocessing = 0;
		};
/* End PBXFrameworksBuildPhase section */

/* Begin PBXGroup section */
		8326CC362B01357400821FF6 /* Fonts */ = {
			isa = PBXGroup;
			children = (
				83CE2E102B10EF7C00DA46DC /* poppins_regular.ttf */,
				83CE2E0C2B10EEA800DA46DC /* poppins_bold.ttf */,
				8326CC372B01359200821FF6 /* nunito.ttf */,
			);
			path = Fonts;
			sourceTree = "<group>";
		};
		8326CC3A2B0138A000821FF6 /* Views */ = {
			isa = PBXGroup;
			children = (
				8326CC3B2B0138C500821FF6 /* TopBar.swift */,
				8326CC3D2B01396F00821FF6 /* NextAppointment.swift */,
				83622D342B0371220077518C /* Search.swift */,
				83622D362B0374E60077518C /* IssueList.swift */,
				8356935F2B03905D009D98B4 /* NearDoctorList.swift */,
				835693612B03E023009D98B4 /* BottomBar.swift */,
			);
			path = Views;
			sourceTree = "<group>";
		};
		837867342B0536C1009234CB /* Theme */ = {
			isa = PBXGroup;
			children = (
				833D73512B05254700212FF9 /* Colors.swift */,
				833D734F2B05221A00212FF9 /* Sizes.swift */,
				8338F3F32B02865500B93F02 /* FontsExtensions.swift */,
				83F3C0E22B07AB8B0053DB51 /* Icons.swift */,
			);
			path = Theme;
			sourceTree = "<group>";
		};
		837867352B0536D9009234CB /* Data */ = {
			isa = PBXGroup;
			children = (
				837867362B053741009234CB /* Types.swift */,
			);
			path = Data;
			sourceTree = "<group>";
		};
		837867382B053806009234CB /* Screens */ = {
			isa = PBXGroup;
			children = (
				837867392B053821009234CB /* HomeScreen.swift */,
			);
			path = Screens;
			sourceTree = "<group>";
		};
		83CA1CCB2B01025900080316 = {
			isa = PBXGroup;
			children = (
				83CA1CD62B01025900080316 /* Lara */,
				83CA1CD52B01025900080316 /* Products */,
			);
			sourceTree = "<group>";
			tabWidth = 6;
		};
		83CA1CD52B01025900080316 /* Products */ = {
			isa = PBXGroup;
			children = (
				83CA1CD42B01025900080316 /* Lara.app */,
			);
			name = Products;
			sourceTree = "<group>";
		};
		83CA1CD62B01025900080316 /* Lara */ = {
			isa = PBXGroup;
			children = (
				837867382B053806009234CB /* Screens */,
				837867352B0536D9009234CB /* Data */,
				837867342B0536C1009234CB /* Theme */,
				8376D5EA2B02768800C55B61 /* Info.plist */,
				8326CC3A2B0138A000821FF6 /* Views */,
				8326CC362B01357400821FF6 /* Fonts */,
				83CA1CD72B01025900080316 /* LaraApp.swift */,
				83CA1CD92B01025900080316 /* ContentView.swift */,
				83CA1CDB2B01025C00080316 /* Assets.xcassets */,
				83CA1CDD2B01025C00080316 /* Preview Content */,
				832CAEDA2B0910CB00E25748 /* Localizable.xcstrings */,
			);
			path = Lara;
			sourceTree = "<group>";
		};
		83CA1CDD2B01025C00080316 /* Preview Content */ = {
			isa = PBXGroup;
			children = (
				83CA1CDE2B01025C00080316 /* Preview Assets.xcassets */,
			);
			path = "Preview Content";
			sourceTree = "<group>";
		};
/* End PBXGroup section */

/* Begin PBXNativeTarget section */
		83CA1CD32B01025900080316 /* Lara */ = {
			isa = PBXNativeTarget;
			buildConfigurationList = 83CA1CE22B01025C00080316 /* Build configuration list for PBXNativeTarget "Lara" */;
			buildPhases = (
				83CA1CD02B01025900080316 /* Sources */,
				83CA1CD12B01025900080316 /* Frameworks */,
				83CA1CD22B01025900080316 /* Resources */,
			);
			buildRules = (
			);
			dependencies = (
			);
			name = Lara;
			productName = Lara;
			productReference = 83CA1CD42B01025900080316 /* Lara.app */;
			productType = "com.apple.product-type.application";
		};
/* End PBXNativeTarget section */

/* Begin PBXProject section */
		83CA1CCC2B01025900080316 /* Project object */ = {
			isa = PBXProject;
			attributes = {
				BuildIndependentTargetsInParallel = 1;
				LastSwiftUpdateCheck = 1500;
				LastUpgradeCheck = 1500;
				TargetAttributes = {
					83CA1CD32B01025900080316 = {
						CreatedOnToolsVersion = 15.0.1;
					};
				};
			};
			buildConfigurationList = 83CA1CCF2B01025900080316 /* Build configuration list for PBXProject "Lara" */;
			compatibilityVersion = "Xcode 14.0";
			developmentRegion = en;
			hasScannedForEncodings = 0;
			knownRegions = (
				en,
				Base,
				ru,
			);
			mainGroup = 83CA1CCB2B01025900080316;
			productRefGroup = 83CA1CD52B01025900080316 /* Products */;
			projectDirPath = "";
			projectRoot = "";
			targets = (
				83CA1CD32B01025900080316 /* Lara */,
			);
		};
/* End PBXProject section */

/* Begin PBXResourcesBuildPhase section */
		83CA1CD22B01025900080316 /* Resources */ = {
			isa = PBXResourcesBuildPhase;
			buildActionMask = 2147483647;
			files = (
				83CA1CDF2B01025C00080316 /* Preview Assets.xcassets in Resources */,
				832CAEDB2B0910CB00E25748 /* Localizable.xcstrings in Resources */,
				83CE2E0D2B10EEA800DA46DC /* poppins_bold.ttf in Resources */,
				83CE2E112B10EF7C00DA46DC /* poppins_regular.ttf in Resources */,
				83CA1CDC2B01025C00080316 /* Assets.xcassets in Resources */,
				8326CC412B014B7300821FF6 /* nunito.ttf in Resources */,
			);
			runOnlyForDeploymentPostprocessing = 0;
		};
/* End PBXResourcesBuildPhase section */

/* Begin PBXSourcesBuildPhase section */
		83CA1CD02B01025900080316 /* Sources */ = {
			isa = PBXSourcesBuildPhase;
			buildActionMask = 2147483647;
			files = (
				83F3C0E32B07AB8B0053DB51 /* Icons.swift in Sources */,
				8338F3F42B02865600B93F02 /* FontsExtensions.swift in Sources */,
				833D73522B05254700212FF9 /* Colors.swift in Sources */,
				83CA1CDA2B01025900080316 /* ContentView.swift in Sources */,
				837867372B053741009234CB /* Types.swift in Sources */,
				835693622B03E023009D98B4 /* BottomBar.swift in Sources */,
				8326CC3C2B0138C500821FF6 /* TopBar.swift in Sources */,
				8378673A2B053821009234CB /* HomeScreen.swift in Sources */,
				83622D352B0371220077518C /* Search.swift in Sources */,
				835693602B03905D009D98B4 /* NearDoctorList.swift in Sources */,
				833D73502B05221A00212FF9 /* Sizes.swift in Sources */,
				8326CC3E2B01396F00821FF6 /* NextAppointment.swift in Sources */,
				83622D372B0374E60077518C /* IssueList.swift in Sources */,
				83CA1CD82B01025900080316 /* LaraApp.swift in Sources */,
			);
			runOnlyForDeploymentPostprocessing = 0;
		};
/* End PBXSourcesBuildPhase section */

/* Begin XCBuildConfiguration section */
		83CA1CE02B01025C00080316 /* Debug */ = {
			isa = XCBuildConfiguration;
			buildSettings = {
				ALWAYS_SEARCH_USER_PATHS = NO;
				ASSETCATALOG_COMPILER_GENERATE_SWIFT_ASSET_SYMBOL_EXTENSIONS = YES;
				CLANG_ANALYZER_NONNULL = YES;
				CLANG_ANALYZER_NUMBER_OBJECT_CONVERSION = YES_AGGRESSIVE;
				CLANG_CXX_LANGUAGE_STANDARD = "gnu++20";
				CLANG_ENABLE_MODULES = YES;
				CLANG_ENABLE_OBJC_ARC = YES;
				CLANG_ENABLE_OBJC_WEAK = YES;
				CLANG_WARN_BLOCK_CAPTURE_AUTORELEASING = YES;
				CLANG_WARN_BOOL_CONVERSION = YES;
				CLANG_WARN_COMMA = YES;
				CLANG_WARN_CONSTANT_CONVERSION = YES;
				CLANG_WARN_DEPRECATED_OBJC_IMPLEMENTATIONS = YES;
				CLANG_WARN_DIRECT_OBJC_ISA_USAGE = YES_ERROR;
				CLANG_WARN_DOCUMENTATION_COMMENTS = YES;
				CLANG_WARN_EMPTY_BODY = YES;
				CLANG_WARN_ENUM_CONVERSION = YES;
				CLANG_WARN_INFINITE_RECURSION = YES;
				CLANG_WARN_INT_CONVERSION = YES;
				CLANG_WARN_NON_LITERAL_NULL_CONVERSION = YES;
				CLANG_WARN_OBJC_IMPLICIT_RETAIN_SELF = YES;
				CLANG_WARN_OBJC_LITERAL_CONVERSION = YES;
				CLANG_WARN_OBJC_ROOT_CLASS = YES_ERROR;
				CLANG_WARN_QUOTED_INCLUDE_IN_FRAMEWORK_HEADER = YES;
				CLANG_WARN_RANGE_LOOP_ANALYSIS = YES;
				CLANG_WARN_STRICT_PROTOTYPES = YES;
				CLANG_WARN_SUSPICIOUS_MOVE = YES;
				CLANG_WARN_UNGUARDED_AVAILABILITY = YES_AGGRESSIVE;
				CLANG_WARN_UNREACHABLE_CODE = YES;
				CLANG_WARN__DUPLICATE_METHOD_MATCH = YES;
				COPY_PHASE_STRIP = NO;
				DEBUG_INFORMATION_FORMAT = dwarf;
				ENABLE_STRICT_OBJC_MSGSEND = YES;
				ENABLE_TESTABILITY = YES;
				ENABLE_USER_SCRIPT_SANDBOXING = YES;
				GCC_C_LANGUAGE_STANDARD = gnu17;
				GCC_DYNAMIC_NO_PIC = NO;
				GCC_NO_COMMON_BLOCKS = YES;
				GCC_OPTIMIZATION_LEVEL = 0;
				GCC_PREPROCESSOR_DEFINITIONS = (
					"DEBUG=1",
					"$(inherited)",
				);
				GCC_WARN_64_TO_32_BIT_CONVERSION = YES;
				GCC_WARN_ABOUT_RETURN_TYPE = YES_ERROR;
				GCC_WARN_UNDECLARED_SELECTOR = YES;
				GCC_WARN_UNINITIALIZED_AUTOS = YES_AGGRESSIVE;
				GCC_WARN_UNUSED_FUNCTION = YES;
				GCC_WARN_UNUSED_VARIABLE = YES;
				IPHONEOS_DEPLOYMENT_TARGET = 17.0;
				LOCALIZATION_PREFERS_STRING_CATALOGS = YES;
				MTL_ENABLE_DEBUG_INFO = INCLUDE_SOURCE;
				MTL_FAST_MATH = YES;
				ONLY_ACTIVE_ARCH = YES;
				SDKROOT = iphoneos;
				SWIFT_ACTIVE_COMPILATION_CONDITIONS = "DEBUG $(inherited)";
				SWIFT_OPTIMIZATION_LEVEL = "-Onone";
			};
			name = Debug;
		};
		83CA1CE12B01025C00080316 /* Release */ = {
			isa = XCBuildConfiguration;
			buildSettings = {
				ALWAYS_SEARCH_USER_PATHS = NO;
				ASSETCATALOG_COMPILER_GENERATE_SWIFT_ASSET_SYMBOL_EXTENSIONS = YES;
				CLANG_ANALYZER_NONNULL = YES;
				CLANG_ANALYZER_NUMBER_OBJECT_CONVERSION = YES_AGGRESSIVE;
				CLANG_CXX_LANGUAGE_STANDARD = "gnu++20";
				CLANG_ENABLE_MODULES = YES;
				CLANG_ENABLE_OBJC_ARC = YES;
				CLANG_ENABLE_OBJC_WEAK = YES;
				CLANG_WARN_BLOCK_CAPTURE_AUTORELEASING = YES;
				CLANG_WARN_BOOL_CONVERSION = YES;
				CLANG_WARN_COMMA = YES;
				CLANG_WARN_CONSTANT_CONVERSION = YES;
				CLANG_WARN_DEPRECATED_OBJC_IMPLEMENTATIONS = YES;
				CLANG_WARN_DIRECT_OBJC_ISA_USAGE = YES_ERROR;
				CLANG_WARN_DOCUMENTATION_COMMENTS = YES;
				CLANG_WARN_EMPTY_BODY = YES;
				CLANG_WARN_ENUM_CONVERSION = YES;
				CLANG_WARN_INFINITE_RECURSION = YES;
				CLANG_WARN_INT_CONVERSION = YES;
				CLANG_WARN_NON_LITERAL_NULL_CONVERSION = YES;
				CLANG_WARN_OBJC_IMPLICIT_RETAIN_SELF = YES;
				CLANG_WARN_OBJC_LITERAL_CONVERSION = YES;
				CLANG_WARN_OBJC_ROOT_CLASS = YES_ERROR;
				CLANG_WARN_QUOTED_INCLUDE_IN_FRAMEWORK_HEADER = YES;
				CLANG_WARN_RANGE_LOOP_ANALYSIS = YES;
				CLANG_WARN_STRICT_PROTOTYPES = YES;
				CLANG_WARN_SUSPICIOUS_MOVE = YES;
				CLANG_WARN_UNGUARDED_AVAILABILITY = YES_AGGRESSIVE;
				CLANG_WARN_UNREACHABLE_CODE = YES;
				CLANG_WARN__DUPLICATE_METHOD_MATCH = YES;
				COPY_PHASE_STRIP = NO;
				DEBUG_INFORMATION_FORMAT = "dwarf-with-dsym";
				ENABLE_NS_ASSERTIONS = NO;
				ENABLE_STRICT_OBJC_MSGSEND = YES;
				ENABLE_USER_SCRIPT_SANDBOXING = YES;
				GCC_C_LANGUAGE_STANDARD = gnu17;
				GCC_NO_COMMON_BLOCKS = YES;
				GCC_WARN_64_TO_32_BIT_CONVERSION = YES;
				GCC_WARN_ABOUT_RETURN_TYPE = YES_ERROR;
				GCC_WARN_UNDECLARED_SELECTOR = YES;
				GCC_WARN_UNINITIALIZED_AUTOS = YES_AGGRESSIVE;
				GCC_WARN_UNUSED_FUNCTION = YES;
				GCC_WARN_UNUSED_VARIABLE = YES;
				IPHONEOS_DEPLOYMENT_TARGET = 17.0;
				LOCALIZATION_PREFERS_STRING_CATALOGS = YES;
				MTL_ENABLE_DEBUG_INFO = NO;
				MTL_FAST_MATH = YES;
				SDKROOT = iphoneos;
				SWIFT_COMPILATION_MODE = wholemodule;
				VALIDATE_PRODUCT = YES;
			};
			name = Release;
		};
		83CA1CE32B01025C00080316 /* Debug */ = {
			isa = XCBuildConfiguration;
			buildSettings = {
				ASSETCATALOG_COMPILER_APPICON_NAME = AppIcon;
				ASSETCATALOG_COMPILER_GLOBAL_ACCENT_COLOR_NAME = AccentColor;
				CODE_SIGN_STYLE = Automatic;
				CURRENT_PROJECT_VERSION = 1;
				DEVELOPMENT_ASSET_PATHS = "\"Lara/Preview Content\"";
				ENABLE_PREVIEWS = YES;
				GENERATE_INFOPLIST_FILE = YES;
				INFOPLIST_FILE = Lara/Info.plist;
				INFOPLIST_KEY_UIApplicationSceneManifest_Generation = YES;
				INFOPLIST_KEY_UIApplicationSupportsIndirectInputEvents = YES;
				INFOPLIST_KEY_UILaunchScreen_Generation = YES;
				INFOPLIST_KEY_UISupportedInterfaceOrientations_iPad = "UIInterfaceOrientationPortrait UIInterfaceOrientationPortraitUpsideDown UIInterfaceOrientationLandscapeLeft UIInterfaceOrientationLandscapeRight";
				INFOPLIST_KEY_UISupportedInterfaceOrientations_iPhone = "UIInterfaceOrientationPortrait UIInterfaceOrientationLandscapeLeft UIInterfaceOrientationLandscapeRight";
				LD_RUNPATH_SEARCH_PATHS = (
					"$(inherited)",
					"@executable_path/Frameworks",
				);
				MARKETING_VERSION = 1.0;
				PRODUCT_BUNDLE_IDENTIFIER = Reditum.Lara;
				PRODUCT_NAME = "$(TARGET_NAME)";
				SWIFT_EMIT_LOC_STRINGS = YES;
				SWIFT_VERSION = 5.0;
				TARGETED_DEVICE_FAMILY = "1,2";
			};
			name = Debug;
		};
		83CA1CE42B01025C00080316 /* Release */ = {
			isa = XCBuildConfiguration;
			buildSettings = {
				ASSETCATALOG_COMPILER_APPICON_NAME = AppIcon;
				ASSETCATALOG_COMPILER_GLOBAL_ACCENT_COLOR_NAME = AccentColor;
				CODE_SIGN_STYLE = Automatic;
				CURRENT_PROJECT_VERSION = 1;
				DEVELOPMENT_ASSET_PATHS = "\"Lara/Preview Content\"";
				ENABLE_PREVIEWS = YES;
				GENERATE_INFOPLIST_FILE = YES;
				INFOPLIST_FILE = Lara/Info.plist;
				INFOPLIST_KEY_UIApplicationSceneManifest_Generation = YES;
				INFOPLIST_KEY_UIApplicationSupportsIndirectInputEvents = YES;
				INFOPLIST_KEY_UILaunchScreen_Generation = YES;
				INFOPLIST_KEY_UISupportedInterfaceOrientations_iPad = "UIInterfaceOrientationPortrait UIInterfaceOrientationPortraitUpsideDown UIInterfaceOrientationLandscapeLeft UIInterfaceOrientationLandscapeRight";
				INFOPLIST_KEY_UISupportedInterfaceOrientations_iPhone = "UIInterfaceOrientationPortrait UIInterfaceOrientationLandscapeLeft UIInterfaceOrientationLandscapeRight";
				LD_RUNPATH_SEARCH_PATHS = (
					"$(inherited)",
					"@executable_path/Frameworks",
				);
				MARKETING_VERSION = 1.0;
				PRODUCT_BUNDLE_IDENTIFIER = Reditum.Lara;
				PRODUCT_NAME = "$(TARGET_NAME)";
				SWIFT_EMIT_LOC_STRINGS = YES;
				SWIFT_VERSION = 5.0;
				TARGETED_DEVICE_FAMILY = "1,2";
			};
			name = Release;
		};
/* End XCBuildConfiguration section */

/* Begin XCConfigurationList section */
		83CA1CCF2B01025900080316 /* Build configuration list for PBXProject "Lara" */ = {
			isa = XCConfigurationList;
			buildConfigurations = (
				83CA1CE02B01025C00080316 /* Debug */,
				83CA1CE12B01025C00080316 /* Release */,
			);
			defaultConfigurationIsVisible = 0;
			defaultConfigurationName = Release;
		};
		83CA1CE22B01025C00080316 /* Build configuration list for PBXNativeTarget "Lara" */ = {
			isa = XCConfigurationList;
			buildConfigurations = (
				83CA1CE32B01025C00080316 /* Debug */,
				83CA1CE42B01025C00080316 /* Release */,
			);
			defaultConfigurationIsVisible = 0;
			defaultConfigurationName = Release;
		};
/* End XCConfigurationList section */
	};
	rootObject = 83CA1CCC2B01025900080316 /* Project object */;
}
